
Microsoft Visual Studio Solution File, Format Version 12.00
# Visual Studio Version 17
VisualStudioVersion = 17.7.34009.444
MinimumVisualStudioVersion = 10.0.40219.1
Project("{888888A0-9F3D-457C-B088-3A5042F75D52}") = "Lesson3.1", "Lesson3.1.pyproj", "{91F36E65-BAE8-411D-8A22-6D2401919E33}"
EndProject
Global
	GlobalSection(SolutionConfigurationPlatforms) = preSolution
		Debug|Any CPU = Debug|Any CPU
		Release|Any CPU = Release|Any CPU
	EndGlobalSection
	GlobalSection(ProjectConfigurationPlatforms) = postSolution
		{91F36E65-BAE8-411D-8A22-6D2401919E33}.Debug|Any CPU.ActiveCfg = Debug|Any CPU
		{91F36E65-BAE8-411D-8A22-6D2401919E33}.Release|Any CPU.ActiveCfg = Release|Any CPU
	EndGlobalSection
	GlobalSection(SolutionProperties) = preSolution
		HideSolutionNode = FALSE
	EndGlobalSection
	GlobalSection(ExtensibilityGlobals) = postSolution
		SolutionGuid = {EB0461EE-E263-4EA8-A17D-12571DA7119F}
	EndGlobalSection
EndGlobal
