
Microsoft Visual Studio Solution File, Format Version 12.00
# Visual Studio Version 17
VisualStudioVersion = 17.7.34009.444
MinimumVisualStudioVersion = 10.0.40219.1
Project("{888888A0-9F3D-457C-B088-3A5042F75D52}") = "Lesson6.2", "Lesson6.2.pyproj", "{5F9D244B-F934-4EBA-BAD6-C0D65E04341C}"
EndProject
Global
	GlobalSection(SolutionConfigurationPlatforms) = preSolution
		Debug|Any CPU = Debug|Any CPU
		Release|Any CPU = Release|Any CPU
	EndGlobalSection
	GlobalSection(ProjectConfigurationPlatforms) = postSolution
		{5F9D244B-F934-4EBA-BAD6-C0D65E04341C}.Debug|Any CPU.ActiveCfg = Debug|Any CPU
		{5F9D244B-F934-4EBA-BAD6-C0D65E04341C}.Release|Any CPU.ActiveCfg = Release|Any CPU
	EndGlobalSection
	GlobalSection(SolutionProperties) = preSolution
		HideSolutionNode = FALSE
	EndGlobalSection
	GlobalSection(ExtensibilityGlobals) = postSolution
		SolutionGuid = {34497D6D-E610-4FBE-BC8F-AF2DE0DF9B15}
	EndGlobalSection
EndGlobal
