
Microsoft Visual Studio Solution File, Format Version 12.00
# Visual Studio Version 17
VisualStudioVersion = 17.7.34009.444
MinimumVisualStudioVersion = 10.0.40219.1
Project("{888888A0-9F3D-457C-B088-3A5042F75D52}") = "Lesson9.2", "Lesson9.2.pyproj", "{64DE5B93-B582-48BF-BD25-46D04E9EB5CF}"
EndProject
Global
	GlobalSection(SolutionConfigurationPlatforms) = preSolution
		Debug|Any CPU = Debug|Any CPU
		Release|Any CPU = Release|Any CPU
	EndGlobalSection
	GlobalSection(ProjectConfigurationPlatforms) = postSolution
		{64DE5B93-B582-48BF-BD25-46D04E9EB5CF}.Debug|Any CPU.ActiveCfg = Debug|Any CPU
		{64DE5B93-B582-48BF-BD25-46D04E9EB5CF}.Release|Any CPU.ActiveCfg = Release|Any CPU
	EndGlobalSection
	GlobalSection(SolutionProperties) = preSolution
		HideSolutionNode = FALSE
	EndGlobalSection
	GlobalSection(ExtensibilityGlobals) = postSolution
		SolutionGuid = {EAE3E142-2545-45C8-8871-A17B6E5326D8}
	EndGlobalSection
EndGlobal
