
Microsoft Visual Studio Solution File, Format Version 12.00
# Visual Studio Version 17
VisualStudioVersion = 17.7.34009.444
MinimumVisualStudioVersion = 10.0.40219.1
Project("{888888A0-9F3D-457C-B088-3A5042F75D52}") = "Lesson5.3", "Lesson5.3.pyproj", "{2A166B2C-E887-4ECA-B097-DD567982D05A}"
EndProject
Global
	GlobalSection(SolutionConfigurationPlatforms) = preSolution
		Debug|Any CPU = Debug|Any CPU
		Release|Any CPU = Release|Any CPU
	EndGlobalSection
	GlobalSection(ProjectConfigurationPlatforms) = postSolution
		{2A166B2C-E887-4ECA-B097-DD567982D05A}.Debug|Any CPU.ActiveCfg = Debug|Any CPU
		{2A166B2C-E887-4ECA-B097-DD567982D05A}.Release|Any CPU.ActiveCfg = Release|Any CPU
	EndGlobalSection
	GlobalSection(SolutionProperties) = preSolution
		HideSolutionNode = FALSE
	EndGlobalSection
	GlobalSection(ExtensibilityGlobals) = postSolution
		SolutionGuid = {EB2E599C-3019-4630-B748-A802EABB9B11}
	EndGlobalSection
EndGlobal
