
Microsoft Visual Studio Solution File, Format Version 12.00
# Visual Studio Version 17
VisualStudioVersion = 17.7.34009.444
MinimumVisualStudioVersion = 10.0.40219.1
Project("{888888A0-9F3D-457C-B088-3A5042F75D52}") = "Lesson8.3", "Lesson8.3.pyproj", "{16B7A40A-5768-4655-879D-7B3844F62FF7}"
EndProject
Global
	GlobalSection(SolutionConfigurationPlatforms) = preSolution
		Debug|Any CPU = Debug|Any CPU
		Release|Any CPU = Release|Any CPU
	EndGlobalSection
	GlobalSection(ProjectConfigurationPlatforms) = postSolution
		{16B7A40A-5768-4655-879D-7B3844F62FF7}.Debug|Any CPU.ActiveCfg = Debug|Any CPU
		{16B7A40A-5768-4655-879D-7B3844F62FF7}.Release|Any CPU.ActiveCfg = Release|Any CPU
	EndGlobalSection
	GlobalSection(SolutionProperties) = preSolution
		HideSolutionNode = FALSE
	EndGlobalSection
	GlobalSection(ExtensibilityGlobals) = postSolution
		SolutionGuid = {FDF156B6-7619-4CBF-B2B3-26D67F72B77E}
	EndGlobalSection
EndGlobal
